{
  "nodes": {
    "devshell": {
      "inputs": {
        "flake-utils": ["flake-utils"],
        "nixpkgs": ["nixpkgs"]
      },
      "locked": {
        "lastModified": 1711099426,
        "narHash": "sha256-HzpgM/wc3aqpnHJJ2oDqPBkNsqWbW0WfWUO8lKu8nGk=",
        "owner": "numtide",
        "repo": "devshell",
        "rev": "2d45b54ca4a183f2fdcf4b19c895b64fbf620ee8",
        "type": "github"
      },
      "original": {
        "id": "devshell",
        "type": "indirect"
      }
    },
    "disko": {
      "inputs": {
        "nixpkgs": ["nixpkgs"]
      },
      "locked": {
        "lastModified": 1711261295,
        "narHash": "sha256-5DUNQl9BSmLxgGLbF05G7hi/UTk9DyZq8AuEszhQA7Q=",
        "owner": "nix-community",
        "repo": "disko",
        "rev": "5d2d3e421ade554b19b4dbb0d11a04023378a330",
        "type": "github"
      },
      "original": {
        "id": "disko",
        "type": "indirect"
      }
    },
    "flake-compat": {
      "locked": {
        "lastModified": 1696426674,
        "narHash": "sha256-kvjfFW7WAETZlt09AgDn1MrtKzP7t90Vf7vypd3OL1U=",
        "owner": "edolstra",
        "repo": "flake-compat",
        "rev": "0f9255e01c2351cc7d116c072cb317785dd33b33",
        "type": "github"
      },
      "original": {
        "id": "flake-compat",
        "type": "indirect"
      }
    },
    "flake-parts": {
      "inputs": {
        "nixpkgs-lib": ["nixpkgs"]
      },
      "locked": {
        "lastModified": 1709336216,
        "narHash": "sha256-Dt/wOWeW6Sqm11Yh+2+t0dfEWxoMxGBvv3JpIocFl9E=",
        "owner": "hercules-ci",
        "repo": "flake-parts",
        "rev": "f7b3c975cf067e56e7cda6cb098ebe3fb4d74ca2",
        "type": "github"
      },
      "original": {
        "id": "flake-parts",
        "type": "indirect"
      }
    },
    "flake-utils": {
      "inputs": {
        "systems": ["systems"]
      },
      "locked": {
        "lastModified": 1710146030,
        "narHash": "sha256-SZ5L6eA7HJ/nmkzGG7/ISclqe6oZdOZTNoesiInkXPQ=",
        "owner": "numtide",
        "repo": "flake-utils",
        "rev": "b1d9ab70662946ef0850d488da1c9019f3a9752a",
        "type": "github"
      },
      "original": {
        "id": "flake-utils",
        "type": "indirect"
      }
    },
    "github-metadata": {
      "flake": false,
      "locked": {
        "narHash": "sha256-pDrs833VxDmTRBbPnZJ51ZHYiFxQ52MnMZsqZkM6jOE=",
        "type": "file",
        "url": "https://api.github.com/meta"
      },
      "original": {
        "type": "file",
        "url": "https://api.github.com/meta"
      }
    },
    "home-manager": {
      "inputs": {
        "nixpkgs": ["nixpkgs"]
      },
      "locked": {
        "lastModified": 1710888565,
        "narHash": "sha256-s9Hi4RHhc6yut4EcYD50sZWRDKsugBJHSbON8KFwoTw=",
        "owner": "nix-community",
        "repo": "home-manager",
        "rev": "f33900124c23c4eca5831b9b5eb32ea5894375ce",
        "type": "github"
      },
      "original": {
        "id": "home-manager",
        "type": "indirect"
      }
    },
    "impermanence": {
      "locked": {
        "lastModified": 1708968331,
        "narHash": "sha256-VUXLaPusCBvwM3zhGbRIJVeYluh2uWuqtj4WirQ1L9Y=",
        "owner": "nix-community",
        "repo": "impermanence",
        "rev": "a33ef102a02ce77d3e39c25197664b7a636f9c30",
        "type": "github"
      },
      "original": {
        "id": "impermanence",
        "type": "indirect"
      }
    },
    "my-keys": {
      "flake": false,
      "locked": {
        "narHash": "sha256-nkBfuSZwT9vpj2Ir45Qd2J/kdoh9yDaHxQkZWoGJ/vc=",
        "type": "file",
        "url": "https://github.com/c4f3z1n.keys"
      },
      "original": {
        "type": "file",
        "url": "https://github.com/c4f3z1n.keys"
      }
    },
    "nix-registry": {
      "locked": {
        "lastModified": 1711486705,
        "narHash": "sha256-F9dv/wxQe1ehAKl/qQF4xjYyY77YPXYteS5n+8VVVVk=",
        "owner": "c4f3z1n",
        "repo": "nix-registry",
        "rev": "6589ec91c639387575c0005c8dbafb807af5a2b3",
        "type": "github"
      },
      "original": {
        "owner": "c4f3z1n",
        "repo": "nix-registry",
        "type": "github"
      }
    },
    "nixos-hardware": {
      "locked": {
        "lastModified": 1711274671,
        "narHash": "sha256-19KQXya5VERUXOdeEJJN+zOqtvuE6MV3qTk9Gr4J9Uo=",
        "owner": "nixos",
        "repo": "nixos-hardware",
        "rev": "7559df1e4af972d5f1de87975b5ef6a8d7559db2",
        "type": "github"
      },
      "original": {
        "id": "nixos-hardware",
        "type": "indirect"
      }
    },
    "nixpkgs": {
      "locked": {
        "lastModified": 1711460390,
        "narHash": "sha256-akSgjDZL6pVHEfSE6sz1DNSXuYX6hq+P/1Z5IoYWs7E=",
        "owner": "nixos",
        "repo": "nixpkgs",
        "rev": "44733514b72e732bd49f5511bd0203dea9b9a434",
        "type": "github"
      },
      "original": {
        "id": "nixpkgs",
        "type": "indirect"
      }
    },
    "root": {
      "inputs": {
        "devshell": "devshell",
        "disko": "disko",
        "flake-compat": "flake-compat",
        "flake-parts": "flake-parts",
        "flake-utils": "flake-utils",
        "github-metadata": "github-metadata",
        "home-manager": "home-manager",
        "impermanence": "impermanence",
        "my-keys": "my-keys",
        "nix-registry": "nix-registry",
        "nixos-hardware": "nixos-hardware",
        "nixpkgs": "nixpkgs",
        "sops-nix": "sops-nix",
        "systems": "systems",
        "treefmt-nix": "treefmt-nix"
      }
    },
    "sops-nix": {
      "inputs": {
        "nixpkgs": ["nixpkgs"],
        "nixpkgs-stable": ["nixpkgs"]
      },
      "locked": {
        "lastModified": 1711249319,
        "narHash": "sha256-N+Pp3/8H+rd7cO71VNV/ovV/Kwt+XNeUHNhsmyTabdM=",
        "owner": "mic92",
        "repo": "sops-nix",
        "rev": "405987a66cce9a4a82f321f11b205982a7127c88",
        "type": "github"
      },
      "original": {
        "id": "sops-nix",
        "type": "indirect"
      }
    },
    "systems": {
      "locked": {
        "lastModified": 1689347949,
        "narHash": "sha256-12tWmuL2zgBgZkdoB6qXZsgJEH9LR3oUgpaQq2RbI80=",
        "owner": "nix-systems",
        "repo": "default-linux",
        "rev": "31732fcf5e8fea42e59c2488ad31a0e651500f68",
        "type": "github"
      },
      "original": {
        "id": "systems",
        "type": "indirect"
      }
    },
    "treefmt-nix": {
      "inputs": {
        "nixpkgs": ["nixpkgs"]
      },
      "locked": {
        "lastModified": 1710781103,
        "narHash": "sha256-nehQK/XTFxfa6rYKtbi8M1w+IU1v5twYhiyA4dg1vpg=",
        "owner": "numtide",
        "repo": "treefmt-nix",
        "rev": "7ee5aaac63c30d3c97a8c56efe89f3b2aa9ae564",
        "type": "github"
      },
      "original": {
        "id": "treefmt-nix",
        "type": "indirect"
      }
    }
  },
  "root": "root",
  "version": 7
}
